{
  "name": "project_manager",
  "version": "1.0.0",
  "lockfileVersion": 1,
  "requires": true,
  "dependencies": {
    "ansi-styles": {
      "version": "4.3.0",
      "resolved": "https://registry.nlark.com/ansi-styles/download/ansi-styles-4.3.0.tgz?cache=0&sync_timestamp=1618995651629&other_urls=https%3A%2F%2Fregistry.nlark.com%2Fansi-styles%2Fdownload%2Fansi-styles-4.3.0.tgz",
      "integrity": "sha1-7dgDYornHATIWuegkG7a00tkiTc=",
      "dev": true,
      "requires": {
        "color-convert": "^2.0.1"
      }
    },
    "anymatch": {
      "version": "3.1.2",
      "resolved": "https://registry.npm.taobao.org/anymatch/download/anymatch-3.1.2.tgz?cache=0&sync_timestamp=1617747502795&other_urls=https%3A%2F%2Fregistry.npm.taobao.org%2Fanymatch%2Fdownload%2Fanymatch-3.1.2.tgz",
      "integrity": "sha1-wFV8CWrzLxBhmPT04qODU343hxY=",
      "dev": true,
      "requires": {
        "normalize-path": "^3.0.0",
        "picomatch": "^2.0.4"
      }
    },
    "binary-extensions": {
      "version": "2.2.0",
      "resolved": "https://registry.npm.taobao.org/binary-extensions/download/binary-extensions-2.2.0.tgz?cache=0&sync_timestamp=1610299640881&other_urls=https%3A%2F%2Fregistry.npm.taobao.org%2Fbinary-extensions%2Fdownload%2Fbinary-extensions-2.2.0.tgz",
      "integrity": "sha1-dfUC7q+f/eQvyYgpZFvk6na9ni0=",
      "dev": true
    },
    "bootstrap": {
      "version": "4.6.0"
    },
    "braces": {
      "version": "3.0.2",
      "resolved": "https://registry.npm.taobao.org/braces/download/braces-3.0.2.tgz",
      "integrity": "sha1-NFThpGLujVmeI23zNs2epPiv4Qc=",
      "dev": true,
      "requires": {
        "fill-range": "^7.0.1"
      }
    },
    "chalk": {
      "version": "4.1.0",
      "resolved": "https://registry.nlark.com/chalk/download/chalk-4.1.0.tgz?cache=0&sync_timestamp=1627646697260&other_urls=https%3A%2F%2Fregistry.nlark.com%2Fchalk%2Fdownload%2Fchalk-4.1.0.tgz",
      "integrity": "sha1-ThSHCmGNni7dl92DRf2dncMVZGo=",
      "dev": true,
      "requires": {
        "ansi-styles": "^4.1.0",
        "supports-color": "^7.1.0"
      }
    },
    "chokidar": {
      "version": "3.5.1",
      "resolved": "https://registry.nlark.com/chokidar/download/chokidar-3.5.1.tgz",
      "integrity": "sha1-7pznu+vSt59J8wR5nVRo4x4U5oo=",
      "dev": true,
      "requires": {
        "anymatch": "~3.1.1",
        "braces": "~3.0.2",
        "fsevents": "~2.3.1",
        "glob-parent": "~5.1.0",
        "is-binary-path": "~2.1.0",
        "is-glob": "~4.0.1",
        "normalize-path": "~3.0.0",
        "readdirp": "~3.5.0"
      }
    },
    "color-convert": {
      "version": "2.0.1",
      "resolved": "https://registry.npm.taobao.org/color-convert/download/color-convert-2.0.1.tgz",
      "integrity": "sha1-ctOmjVmMm9s68q0ehPIdiWq9TeM=",
      "dev": true,
      "requires": {
        "color-name": "~1.1.4"
      }
    },
    "color-name": {
      "version": "1.1.4",
      "resolved": "https://registry.npm.taobao.org/color-name/download/color-name-1.1.4.tgz",
      "integrity": "sha1-wqCah6y95pVD3m9j+jmVyCbFNqI=",
      "dev": true
    },
    "date-time": {
      "version": "3.1.0",
      "resolved": "https://registry.nlark.com/date-time/download/date-time-3.1.0.tgz?cache=0&sync_timestamp=1618908843510&other_urls=https%3A%2F%2Fregistry.nlark.com%2Fdate-time%2Fdownload%2Fdate-time-3.1.0.tgz",
      "integrity": "sha1-DR6TTRcFefSB7Y3x4rj/cO6EXh4=",
      "dev": true,
      "requires": {
        "time-zone": "^1.0.0"
      }
    },
    "electron-is-dev": {
      "version": "1.2.0",
      "resolved": "https://registry.npm.taobao.org/electron-is-dev/download/electron-is-dev-1.2.0.tgz",
      "integrity": "sha1-LlzqChs8zxyG9XfO53Nj71XesF4=",
      "dev": true
    },
    "electron-reloader": {
      "version": "1.2.0",
      "dev": true,
      "requires": {
        "chalk": "^4.1.0",
        "chokidar": "^3.5.0",
        "date-time": "^3.1.0",
        "electron-is-dev": "^1.2.0",
        "find-up": "^5.0.0"
      }
    },
    "fill-range": {
      "version": "7.0.1",
      "resolved": "https://registry.npm.taobao.org/fill-range/download/fill-range-7.0.1.tgz",
      "integrity": "sha1-GRmmp8df44ssfHflGYU12prN2kA=",
      "dev": true,
      "requires": {
        "to-regex-range": "^5.0.1"
      }
    },
    "find-up": {
      "version": "5.0.0",
      "resolved": "https://registry.npm.taobao.org/find-up/download/find-up-5.0.0.tgz?cache=0&sync_timestamp=1601812398150&other_urls=https%3A%2F%2Fregistry.npm.taobao.org%2Ffind-up%2Fdownload%2Ffind-up-5.0.0.tgz",
      "integrity": "sha1-TJKBnstwg1YeT0okCoa+UZj1Nvw=",
      "dev": true,
      "requires": {
        "locate-path": "^6.0.0",
        "path-exists": "^4.0.0"
      }
    },
    "fsevents": {
      "version": "2.3.2",
      "resolved": "https://registry.npm.taobao.org/fsevents/download/fsevents-2.3.2.tgz",
      "integrity": "sha1-ilJveLj99GI7cJ4Ll1xSwkwC/Ro=",
      "dev": true,
      "optional": true
    },
    "glob-parent": {
      "version": "5.1.2",
      "resolved": "https://registry.nlark.com/glob-parent/download/glob-parent-5.1.2.tgz?cache=0&sync_timestamp=1626760235241&other_urls=https%3A%2F%2Fregistry.nlark.com%2Fglob-parent%2Fdownload%2Fglob-parent-5.1.2.tgz",
      "integrity": "sha1-hpgyxYA0/mikCTwX3BXoNA2EAcQ=",
      "dev": true,
      "requires": {
        "is-glob": "^4.0.1"
      }
    },
    "has-flag": {
      "version": "4.0.0",
      "resolved": "https://registry.nlark.com/has-flag/download/has-flag-4.0.0.tgz?cache=0&sync_timestamp=1626715907927&other_urls=https%3A%2F%2Fregistry.nlark.com%2Fhas-flag%2Fdownload%2Fhas-flag-4.0.0.tgz",
      "integrity": "sha1-lEdx/ZyByBJlxNaUGGDaBrtZR5s=",
      "dev": true
    },
    "is-binary-path": {
      "version": "2.1.0",
      "resolved": "https://registry.npm.taobao.org/is-binary-path/download/is-binary-path-2.1.0.tgz",
      "integrity": "sha1-6h9/O4DwZCNug0cPhsCcJU+0Wwk=",
      "dev": true,
      "requires": {
        "binary-extensions": "^2.0.0"
      }
    },
    "is-extglob": {
      "version": "2.1.1",
      "resolved": "https://registry.npm.taobao.org/is-extglob/download/is-extglob-2.1.1.tgz",
      "integrity": "sha1-qIwCU1eR8C7TfHahueqXc8gz+MI=",
      "dev": true
    },
    "is-glob": {
      "version": "4.0.1",
      "resolved": "https://registry.npm.taobao.org/is-glob/download/is-glob-4.0.1.tgz",
      "integrity": "sha1-dWfb6fL14kZ7x3q4PEopSCQHpdw=",
      "dev": true,
      "requires": {
        "is-extglob": "^2.1.1"
      }
    },
    "is-number": {
      "version": "7.0.0",
      "resolved": "https://registry.npm.taobao.org/is-number/download/is-number-7.0.0.tgz",
      "integrity": "sha1-dTU0W4lnNNX4DE0GxQlVUnoU8Ss=",
      "dev": true
    },
    "jquery": {
      "version": "3.5.1"
    },
    "locate-path": {
      "version": "6.0.0",
      "resolved": "https://registry.npm.taobao.org/locate-path/download/locate-path-6.0.0.tgz?cache=0&sync_timestamp=1597081904643&other_urls=https%3A%2F%2Fregistry.npm.taobao.org%2Flocate-path%2Fdownload%2Flocate-path-6.0.0.tgz",
      "integrity": "sha1-VTIeswn+u8WcSAHZMackUqaB0oY=",
      "dev": true,
      "requires": {
        "p-locate": "^5.0.0"
      }
    },
    "moment": {
      "version": "2.29.1",
      "resolved": "https://registry.npm.taobao.org/moment/download/moment-2.29.1.tgz?cache=0&sync_timestamp=1602337231601&other_urls=https%3A%2F%2Fregistry.npm.taobao.org%2Fmoment%2Fdownload%2Fmoment-2.29.1.tgz",
      "integrity": "sha1-sr52n6MZQL6e7qZGnAdeNQBvo9M="
    },
    "normalize-path": {
      "version": "3.0.0",
      "resolved": "https://registry.npm.taobao.org/normalize-path/download/normalize-path-3.0.0.tgz",
      "integrity": "sha1-Dc1p/yOhybEf0JeDFmRKA4ghamU=",
      "dev": true
    },
    "p-limit": {
      "version": "3.1.0",
      "resolved": "https://registry.npm.taobao.org/p-limit/download/p-limit-3.1.0.tgz?cache=0&sync_timestamp=1606288333421&other_urls=https%3A%2F%2Fregistry.npm.taobao.org%2Fp-limit%2Fdownload%2Fp-limit-3.1.0.tgz",
      "integrity": "sha1-4drMvnjQ0TiMoYxk/qOOPlfjcGs=",
      "dev": true,
      "requires": {
        "yocto-queue": "^0.1.0"
      }
    },
    "p-locate": {
      "version": "5.0.0",
      "resolved": "https://registry.npm.taobao.org/p-locate/download/p-locate-5.0.0.tgz?cache=0&sync_timestamp=1597081785924&other_urls=https%3A%2F%2Fregistry.npm.taobao.org%2Fp-locate%2Fdownload%2Fp-locate-5.0.0.tgz",
      "integrity": "sha1-g8gxXGeFAF470CGDlBHJ4RDm2DQ=",
      "dev": true,
      "requires": {
        "p-limit": "^3.0.2"
      }
    },
    "path-exists": {
      "version": "4.0.0",
      "resolved": "https://registry.npm.taobao.org/path-exists/download/path-exists-4.0.0.tgz",
      "integrity": "sha1-UTvb4tO5XXdi6METfvoZXGxhtbM=",
      "dev": true
    },
    "picomatch": {
      "version": "2.3.0",
      "resolved": "https://registry.nlark.com/picomatch/download/picomatch-2.3.0.tgz?cache=0&sync_timestamp=1621648305056&other_urls=https%3A%2F%2Fregistry.nlark.com%2Fpicomatch%2Fdownload%2Fpicomatch-2.3.0.tgz",
      "integrity": "sha1-8fBh3o9qS/AiiS4tEoI0+5gwKXI=",
      "dev": true
    },
    "popper.js": {
      "version": "1.16.1"
    },
    "readdirp": {
      "version": "3.5.0",
      "resolved": "https://registry.npm.taobao.org/readdirp/download/readdirp-3.5.0.tgz",
      "integrity": "sha1-m6dMAZsV02UnjS6Ru4xI17TULJ4=",
      "dev": true,
      "requires": {
        "picomatch": "^2.2.1"
      }
    },
    "supports-color": {
      "version": "7.2.0",
      "resolved": "https://registry.nlark.com/supports-color/download/supports-color-7.2.0.tgz?cache=0&sync_timestamp=1626703400240&other_urls=https%3A%2F%2Fregistry.nlark.com%2Fsupports-color%2Fdownload%2Fsupports-color-7.2.0.tgz",
      "integrity": "sha1-G33NyzK4E4gBs+R4umpRyqiWSNo=",
      "dev": true,
      "requires": {
        "has-flag": "^4.0.0"
      }
    },
    "time-zone": {
      "version": "1.0.0",
      "resolved": "https://registry.nlark.com/time-zone/download/time-zone-1.0.0.tgz?cache=0&sync_timestamp=1618907753793&other_urls=https%3A%2F%2Fregistry.nlark.com%2Ftime-zone%2Fdownload%2Ftime-zone-1.0.0.tgz",
      "integrity": "sha1-mcW/VZWJZq9tBtg73zgA3IL67F0=",
      "dev": true
    },
    "to-regex-range": {
      "version": "5.0.1",
      "resolved": "https://registry.npm.taobao.org/to-regex-range/download/to-regex-range-5.0.1.tgz",
      "integrity": "sha1-FkjESq58jZiKMmAY7XL1tN0DkuQ=",
      "dev": true,
      "requires": {
        "is-number": "^7.0.0"
      }
    },
    "yocto-queue": {
      "version": "0.1.0",
      "resolved": "https://registry.npm.taobao.org/yocto-queue/download/yocto-queue-0.1.0.tgz?cache=0&sync_timestamp=1606290212047&other_urls=https%3A%2F%2Fregistry.npm.taobao.org%2Fyocto-queue%2Fdownload%2Fyocto-queue-0.1.0.tgz",
      "integrity": "sha1-ApTrPe4FAo0x7hpfosVWpqrxChs=",
      "dev": true
    }
  }
}
